
Microsoft Visual Studio Solution File, Format Version 12.00
# Visual Studio Version 17
VisualStudioVersion = 17.14.36203.30
MinimumVisualStudioVersion = 10.0.40219.1
Project("{FAE04EC0-301F-11D3-BF4B-00C04F79EFBC}") = "CQRS.Core", "CQRS-ES\CQRS.Core\CQRS.Core.csproj", "{0BEA3AA0-E7CB-4319-AE5F-6E41E7A9E2F3}"
EndProject
Project("{2150E333-8FDC-42A3-9474-1A3956D46DE8}") = "Solution Items", "Solution Items", "{8EC462FD-D22E-90A8-E5CE-7E832BA40C5D}"
	ProjectSection(SolutionItems) = preProject
		docker-compose.yml = docker-compose.yml
		Architecture-Overview.drawio = Architecture-Overview.drawio
		Readme.md = Readme.md
	EndProjectSection
EndProject
Project("{FAE04EC0-301F-11D3-BF4B-00C04F79EFBC}") = "Post.Cmd.Api", "SM-Post\Post.Cmd\Post.Cmd.Api\Post.Cmd.Api.csproj", "{8ABC5826-5DEE-48C3-B1DD-08561BA6CFE4}"
EndProject
Project("{FAE04EC0-301F-11D3-BF4B-00C04F79EFBC}") = "Post.Cmd.Domain", "SM-Post\Post.Cmd\Post.Cmd.Domain\Post.Cmd.Domain.csproj", "{1E6665AF-1F65-488A-9E30-C5229EF50BAD}"
EndProject
Project("{FAE04EC0-301F-11D3-BF4B-00C04F79EFBC}") = "Post.Cmd.Infra", "SM-Post\Post.Cmd\Post.Cmd.Infra\Post.Cmd.Infra.csproj", "{A7D4795C-B195-43D1-8C05-9ABEBA00F97A}"
EndProject
Project("{FAE04EC0-301F-11D3-BF4B-00C04F79EFBC}") = "Post.Query.Api", "SM-Post\Post.Query\Post.Query.Api\Post.Query.Api.csproj", "{040D2040-97D4-4499-9EC2-765D905D23C6}"
EndProject
Project("{FAE04EC0-301F-11D3-BF4B-00C04F79EFBC}") = "Post.Query.Domain", "SM-Post\Post.Query\Post.Query.Domain\Post.Query.Domain.csproj", "{0114CED0-C1B3-4C9B-98DA-A1DECFA7F4D7}"
EndProject
Project("{FAE04EC0-301F-11D3-BF4B-00C04F79EFBC}") = "Post.Query.Infra", "SM-Post\Post.Query\Post.Query.Infra\Post.Query.Infra.csproj", "{A48CFF17-9516-4E3E-8DF3-B0D54D0AC69C}"
EndProject
Project("{FAE04EC0-301F-11D3-BF4B-00C04F79EFBC}") = "Post.Common", "SM-Post\Post.Common\Post.Common.csproj", "{E65EDDB4-91A9-4140-B354-A389D9FD5E5B}"
EndProject
Global
	GlobalSection(SolutionConfigurationPlatforms) = preSolution
		Debug|Any CPU = Debug|Any CPU
		Release|Any CPU = Release|Any CPU
	EndGlobalSection
	GlobalSection(ProjectConfigurationPlatforms) = postSolution
		{0BEA3AA0-E7CB-4319-AE5F-6E41E7A9E2F3}.Debug|Any CPU.ActiveCfg = Debug|Any CPU
		{0BEA3AA0-E7CB-4319-AE5F-6E41E7A9E2F3}.Debug|Any CPU.Build.0 = Debug|Any CPU
		{0BEA3AA0-E7CB-4319-AE5F-6E41E7A9E2F3}.Release|Any CPU.ActiveCfg = Release|Any CPU
		{0BEA3AA0-E7CB-4319-AE5F-6E41E7A9E2F3}.Release|Any CPU.Build.0 = Release|Any CPU
		{8ABC5826-5DEE-48C3-B1DD-08561BA6CFE4}.Debug|Any CPU.ActiveCfg = Debug|Any CPU
		{8ABC5826-5DEE-48C3-B1DD-08561BA6CFE4}.Debug|Any CPU.Build.0 = Debug|Any CPU
		{8ABC5826-5DEE-48C3-B1DD-08561BA6CFE4}.Release|Any CPU.ActiveCfg = Release|Any CPU
		{8ABC5826-5DEE-48C3-B1DD-08561BA6CFE4}.Release|Any CPU.Build.0 = Release|Any CPU
		{1E6665AF-1F65-488A-9E30-C5229EF50BAD}.Debug|Any CPU.ActiveCfg = Debug|Any CPU
		{1E6665AF-1F65-488A-9E30-C5229EF50BAD}.Debug|Any CPU.Build.0 = Debug|Any CPU
		{1E6665AF-1F65-488A-9E30-C5229EF50BAD}.Release|Any CPU.ActiveCfg = Release|Any CPU
		{1E6665AF-1F65-488A-9E30-C5229EF50BAD}.Release|Any CPU.Build.0 = Release|Any CPU
		{A7D4795C-B195-43D1-8C05-9ABEBA00F97A}.Debug|Any CPU.ActiveCfg = Debug|Any CPU
		{A7D4795C-B195-43D1-8C05-9ABEBA00F97A}.Debug|Any CPU.Build.0 = Debug|Any CPU
		{A7D4795C-B195-43D1-8C05-9ABEBA00F97A}.Release|Any CPU.ActiveCfg = Release|Any CPU
		{A7D4795C-B195-43D1-8C05-9ABEBA00F97A}.Release|Any CPU.Build.0 = Release|Any CPU
		{040D2040-97D4-4499-9EC2-765D905D23C6}.Debug|Any CPU.ActiveCfg = Debug|Any CPU
		{040D2040-97D4-4499-9EC2-765D905D23C6}.Debug|Any CPU.Build.0 = Debug|Any CPU
		{040D2040-97D4-4499-9EC2-765D905D23C6}.Release|Any CPU.ActiveCfg = Release|Any CPU
		{040D2040-97D4-4499-9EC2-765D905D23C6}.Release|Any CPU.Build.0 = Release|Any CPU
		{0114CED0-C1B3-4C9B-98DA-A1DECFA7F4D7}.Debug|Any CPU.ActiveCfg = Debug|Any CPU
		{0114CED0-C1B3-4C9B-98DA-A1DECFA7F4D7}.Debug|Any CPU.Build.0 = Debug|Any CPU
		{0114CED0-C1B3-4C9B-98DA-A1DECFA7F4D7}.Release|Any CPU.ActiveCfg = Release|Any CPU
		{0114CED0-C1B3-4C9B-98DA-A1DECFA7F4D7}.Release|Any CPU.Build.0 = Release|Any CPU
		{A48CFF17-9516-4E3E-8DF3-B0D54D0AC69C}.Debug|Any CPU.ActiveCfg = Debug|Any CPU
		{A48CFF17-9516-4E3E-8DF3-B0D54D0AC69C}.Debug|Any CPU.Build.0 = Debug|Any CPU
		{A48CFF17-9516-4E3E-8DF3-B0D54D0AC69C}.Release|Any CPU.ActiveCfg = Release|Any CPU
		{A48CFF17-9516-4E3E-8DF3-B0D54D0AC69C}.Release|Any CPU.Build.0 = Release|Any CPU
		{E65EDDB4-91A9-4140-B354-A389D9FD5E5B}.Debug|Any CPU.ActiveCfg = Debug|Any CPU
		{E65EDDB4-91A9-4140-B354-A389D9FD5E5B}.Debug|Any CPU.Build.0 = Debug|Any CPU
		{E65EDDB4-91A9-4140-B354-A389D9FD5E5B}.Release|Any CPU.ActiveCfg = Release|Any CPU
		{E65EDDB4-91A9-4140-B354-A389D9FD5E5B}.Release|Any CPU.Build.0 = Release|Any CPU
	EndGlobalSection
	GlobalSection(SolutionProperties) = preSolution
		HideSolutionNode = FALSE
	EndGlobalSection
	GlobalSection(ExtensibilityGlobals) = postSolution
		SolutionGuid = {0F8AFE71-D867-436F-99F7-9C02A610B816}
	EndGlobalSection
EndGlobal
